
Microsoft Visual Studio Solution File, Format Version 12.00
# Visual Studio Version 17
VisualStudioVersion = 17.7.34018.315
MinimumVisualStudioVersion = 10.0.40219.1
Project("{888888A0-9F3D-457C-B088-3A5042F75D52}") = "TitanicML", "TitanicML\TitanicML.pyproj", "{6E2BB3D0-4A46-4B6B-8DCC-76CE28DA22A4}"
EndProject
Global
	GlobalSection(SolutionConfigurationPlatforms) = preSolution
		Debug|Any CPU = Debug|Any CPU
		Release|Any CPU = Release|Any CPU
	EndGlobalSection
	GlobalSection(ProjectConfigurationPlatforms) = postSolution
		{6E2BB3D0-4A46-4B6B-8DCC-76CE28DA22A4}.Debug|Any CPU.ActiveCfg = Debug|Any CPU
		{6E2BB3D0-4A46-4B6B-8DCC-76CE28DA22A4}.Release|Any CPU.ActiveCfg = Release|Any CPU
	EndGlobalSection
	GlobalSection(SolutionProperties) = preSolution
		HideSolutionNode = FALSE
	EndGlobalSection
	GlobalSection(ExtensibilityGlobals) = postSolution
		SolutionGuid = {3D2CC9E2-C874-4290-AD62-2D4809B75B6B}
	EndGlobalSection
EndGlobal
